// !$*UTF8*$!
{
	archiveVersion = 1;
	classes = {
	};
	objectVersion = 46;
	objects = {

/* Begin PBXBuildFile section */
		FA9B0F791C3D277D008E47E4 /* LoadProcConfig.cpp in Sources */ = {isa = PBXBuildFile; fileRef = FAA9F88417BE564100B820A5 /* LoadProcConfig.cpp */; };
		FAA9F88817BE564100B820A5 /* LoadProcConfig.cpp in Sources */ = {isa = PBXBuildFile; fileRef = FAA9F88417BE564100B820A5 /* LoadProcConfig.cpp */; };
/* End PBXBuildFile section */

/* Begin PBXCopyFilesBuildPhase section */
		FA9B0F741C3D211A008E47E4 /* CopyFiles */ = {
			isa = PBXCopyFilesBuildPhase;
			buildActionMask = 2147483647;
			dstPath = "";
			dstSubfolderSpec = 0;
			files = (
			);
			runOnlyForDeploymentPostprocessing = 0;
		};
		FA9B0F7E1C3D277D008E47E4 /* CopyFiles */ = {
			isa = PBXCopyFilesBuildPhase;
			buildActionMask = 2147483647;
			dstPath = "";
			dstSubfolderSpec = 0;
			files = (
			);
			runOnlyForDeploymentPostprocessing = 0;
		};
/* End PBXCopyFilesBuildPhase section */

/* Begin PBXFileReference section */
		FA0D7B0016F6F49300EF3B9D /* LoadProcConfig.pmc */ = {isa = PBXFileReference; explicitFileType = "compiled.mach-o.dylib"; includeInIndex = 0; path = LoadProcConfig.pmc; sourceTree = BUILT_PRODUCTS_DIR; };
		FA9B0F831C3D277D008E47E4 /* LoadProcConfig.pmc64 */ = {isa = PBXFileReference; explicitFileType = "compiled.mach-o.dylib"; includeInIndex = 0; path = LoadProcConfig.pmc64; sourceTree = BUILT_PRODUCTS_DIR; };
		FAA9F88417BE564100B820A5 /* LoadProcConfig.cpp */ = {isa = PBXFileReference; fileEncoding = 4; lastKnownFileType = sourcecode.cpp.cpp; path = LoadProcConfig.cpp; sourceTree = "<group>"; };
/* End PBXFileReference section */

/* Begin PBXFrameworksBuildPhase section */
		FA0D7AFD16F6F49300EF3B9D /* Frameworks */ = {
			isa = PBXFrameworksBuildPhase;
			buildActionMask = 2147483647;
			files = (
			);
			runOnlyForDeploymentPostprocessing = 0;
		};
		FA9B0F7B1C3D277D008E47E4 /* Frameworks */ = {
			isa = PBXFrameworksBuildPhase;
			buildActionMask = 2147483647;
			files = (
			);
			runOnlyForDeploymentPostprocessing = 0;
		};
/* End PBXFrameworksBuildPhase section */

/* Begin PBXGroup section */
		FA0D7AF716F6F49300EF3B9D = {
			isa = PBXGroup;
			children = (
				FA0D7B1816F6F7C800EF3B9D /* Source */,
				FA0D7B1B16F727EC00EF3B9D /* Libraries */,
				FA0D7B0116F6F49300EF3B9D /* Products */,
			);
			sourceTree = "<group>";
		};
		FA0D7B0116F6F49300EF3B9D /* Products */ = {
			isa = PBXGroup;
			children = (
				FA0D7B0016F6F49300EF3B9D /* LoadProcConfig.pmc */,
				FA9B0F831C3D277D008E47E4 /* LoadProcConfig.pmc64 */,
			);
			name = Products;
			sourceTree = "<group>";
		};
		FA0D7B1816F6F7C800EF3B9D /* Source */ = {
			isa = PBXGroup;
			children = (
				FAA9F88417BE564100B820A5 /* LoadProcConfig.cpp */,
			);
			name = Source;
			sourceTree = "<group>";
		};
		FA0D7B1B16F727EC00EF3B9D /* Libraries */ = {
			isa = PBXGroup;
			children = (
			);
			name = Libraries;
			sourceTree = "<group>";
		};
/* End PBXGroup section */

/* Begin PBXHeadersBuildPhase section */
		FA0D7AFE16F6F49300EF3B9D /* Headers */ = {
			isa = PBXHeadersBuildPhase;
			buildActionMask = 2147483647;
			files = (
			);
			runOnlyForDeploymentPostprocessing = 0;
		};
		FA9B0F7C1C3D277D008E47E4 /* Headers */ = {
			isa = PBXHeadersBuildPhase;
			buildActionMask = 2147483647;
			files = (
			);
			runOnlyForDeploymentPostprocessing = 0;
		};
/* End PBXHeadersBuildPhase section */

/* Begin PBXNativeTarget section */
		FA0D7AFF16F6F49300EF3B9D /* LoadProcConfig_32 */ = {
			isa = PBXNativeTarget;
			buildConfigurationList = FA0D7B0416F6F49300EF3B9D /* Build configuration list for PBXNativeTarget "LoadProcConfig_32" */;
			buildPhases = (
				FA0D7AFC16F6F49300EF3B9D /* Sources */,
				FA0D7AFD16F6F49300EF3B9D /* Frameworks */,
				FA0D7AFE16F6F49300EF3B9D /* Headers */,
				FA9B0F741C3D211A008E47E4 /* CopyFiles */,
			);
			buildRules = (
			);
			dependencies = (
			);
			name = LoadProcConfig_32;
			productName = fr;
			productReference = FA0D7B0016F6F49300EF3B9D /* LoadProcConfig.pmc */;
			productType = "com.apple.product-type.library.dynamic";
		};
		FA9B0F761C3D277D008E47E4 /* LoadProcConfig_64 */ = {
			isa = PBXNativeTarget;
			buildConfigurationList = FA9B0F801C3D277D008E47E4 /* Build configuration list for PBXNativeTarget "LoadProcConfig_64" */;
			buildPhases = (
				FA9B0F771C3D277D008E47E4 /* Sources */,
				FA9B0F7B1C3D277D008E47E4 /* Frameworks */,
				FA9B0F7C1C3D277D008E47E4 /* Headers */,
				FA9B0F7E1C3D277D008E47E4 /* CopyFiles */,
			);
			buildRules = (
			);
			dependencies = (
			);
			name = LoadProcConfig_64;
			productName = fr;
			productReference = FA9B0F831C3D277D008E47E4 /* LoadProcConfig.pmc64 */;
			productType = "com.apple.product-type.library.dynamic";
		};
/* End PBXNativeTarget section */

/* Begin PBXProject section */
		FA0D7AF816F6F49300EF3B9D /* Project object */ = {
			isa = PBXProject;
			attributes = {
				LastUpgradeCheck = 0460;
				ORGANIZATIONNAME = "Fried Apple";
			};
			buildConfigurationList = FA0D7AFB16F6F49300EF3B9D /* Build configuration list for PBXProject "LoadProcConfig" */;
			compatibilityVersion = "Xcode 3.2";
			developmentRegion = English;
			hasScannedForEncodings = 0;
			knownRegions = (
				en,
			);
			mainGroup = FA0D7AF716F6F49300EF3B9D;
			productRefGroup = FA0D7B0116F6F49300EF3B9D /* Products */;
			projectDirPath = "";
			projectRoot = "";
			targets = (
				FA0D7AFF16F6F49300EF3B9D /* LoadProcConfig_32 */,
				FA9B0F761C3D277D008E47E4 /* LoadProcConfig_64 */,
			);
		};
/* End PBXProject section */

/* Begin PBXSourcesBuildPhase section */
		FA0D7AFC16F6F49300EF3B9D /* Sources */ = {
			isa = PBXSourcesBuildPhase;
			buildActionMask = 2147483647;
			files = (
				FAA9F88817BE564100B820A5 /* LoadProcConfig.cpp in Sources */,
			);
			runOnlyForDeploymentPostprocessing = 0;
		};
		FA9B0F771C3D277D008E47E4 /* Sources */ = {
			isa = PBXSourcesBuildPhase;
			buildActionMask = 2147483647;
			files = (
				FA9B0F791C3D277D008E47E4 /* LoadProcConfig.cpp in Sources */,
			);
			runOnlyForDeploymentPostprocessing = 0;
		};
/* End PBXSourcesBuildPhase section */

/* Begin XCBuildConfiguration section */
		FA0D7B0216F6F49300EF3B9D /* Debug */ = {
			isa = XCBuildConfiguration;
			buildSettings = {
				ALWAYS_SEARCH_USER_PATHS = NO;
				ARCHS = "$(ARCHS_STANDARD_64_BIT)";
				CLANG_CXX_LANGUAGE_STANDARD = "gnu++0x";
				CLANG_CXX_LIBRARY = "libc++";
				CLANG_WARN_CONSTANT_CONVERSION = YES;
				CLANG_WARN_EMPTY_BODY = YES;
				CLANG_WARN_ENUM_CONVERSION = YES;
				CLANG_WARN_INT_CONVERSION = YES;
				CLANG_WARN__DUPLICATE_METHOD_MATCH = YES;
				COPY_PHASE_STRIP = NO;
				GCC_C_LANGUAGE_STANDARD = gnu99;
				GCC_DYNAMIC_NO_PIC = NO;
				GCC_ENABLE_OBJC_EXCEPTIONS = YES;
				GCC_OPTIMIZATION_LEVEL = 0;
				GCC_PREPROCESSOR_DEFINITIONS = (
					"DEBUG=1",
					"$(inherited)",
				);
				GCC_SYMBOLS_PRIVATE_EXTERN = NO;
				GCC_WARN_64_TO_32_BIT_CONVERSION = YES;
				GCC_WARN_ABOUT_RETURN_TYPE = YES;
				GCC_WARN_UNINITIALIZED_AUTOS = YES;
				GCC_WARN_UNUSED_VARIABLE = YES;
				MACOSX_DEPLOYMENT_TARGET = 10.7;
				ONLY_ACTIVE_ARCH = YES;
				SDKROOT = macosx;
			};
			name = Debug;
		};
		FA0D7B0316F6F49300EF3B9D /* Release */ = {
			isa = XCBuildConfiguration;
			buildSettings = {
				ALWAYS_SEARCH_USER_PATHS = NO;
				ARCHS = "$(ARCHS_STANDARD_64_BIT)";
				CLANG_CXX_LANGUAGE_STANDARD = "gnu++0x";
				CLANG_CXX_LIBRARY = "libc++";
				CLANG_WARN_CONSTANT_CONVERSION = YES;
				CLANG_WARN_EMPTY_BODY = YES;
				CLANG_WARN_ENUM_CONVERSION = YES;
				CLANG_WARN_INT_CONVERSION = YES;
				CLANG_WARN__DUPLICATE_METHOD_MATCH = YES;
				COPY_PHASE_STRIP = YES;
				DEBUG_INFORMATION_FORMAT = "dwarf-with-dsym";
				GCC_C_LANGUAGE_STANDARD = gnu99;
				GCC_ENABLE_OBJC_EXCEPTIONS = YES;
				GCC_WARN_64_TO_32_BIT_CONVERSION = YES;
				GCC_WARN_ABOUT_RETURN_TYPE = YES;
				GCC_WARN_UNINITIALIZED_AUTOS = YES;
				GCC_WARN_UNUSED_VARIABLE = YES;
				MACOSX_DEPLOYMENT_TARGET = 10.7;
				SDKROOT = macosx;
			};
			name = Release;
		};
		FA0D7B0516F6F49300EF3B9D /* Debug */ = {
			isa = XCBuildConfiguration;
			buildSettings = {
				ARCHS = "$(ARCHS_STANDARD_32_BIT)";
				EXECUTABLE_EXTENSION = pmc;
				EXECUTABLE_PREFIX = "";
				GCC_PREPROCESSOR_DEFINITIONS = (
					"$(inherited)",
					__MAC__,
					__IDP__,
					__PLUGIN__,
				);
				GCC_VERSION = com.apple.compilers.llvm.clang.1_0;
				HEADER_SEARCH_PATHS = (
					"\"$(SRCROOT)/../idasdk/module\"",
					"\"$(SRCROOT)/../idasdk/include\"",
				);
				LIBRARY_SEARCH_PATHS = "\"$(SRCROOT)/../idasdk/lib/x86_mac_gcc_32\"";
				OTHER_LDFLAGS = "-lida";
				PRODUCT_NAME = LoadProcConfig;
				STRIP_STYLE = debugging;
			};
			name = Debug;
		};
		FA0D7B0616F6F49300EF3B9D /* Release */ = {
			isa = XCBuildConfiguration;
			buildSettings = {
				ARCHS = "$(ARCHS_STANDARD_32_BIT)";
				DEAD_CODE_STRIPPING = YES;
				EXECUTABLE_EXTENSION = pmc;
				EXECUTABLE_PREFIX = "";
				GCC_GENERATE_DEBUGGING_SYMBOLS = NO;
				GCC_PREPROCESSOR_DEFINITIONS = (
					__MAC__,
					__IDP__,
					__PLUGIN__,
				);
				GCC_VERSION = com.apple.compilers.llvm.clang.1_0;
				HEADER_SEARCH_PATHS = (
					"\"$(SRCROOT)/../idasdk/module\"",
					"\"$(SRCROOT)/../idasdk/include\"",
				);
				LIBRARY_SEARCH_PATHS = "\"$(SRCROOT)/../idasdk/lib/x86_mac_gcc_32\"";
				OTHER_LDFLAGS = "-lida";
				PRODUCT_NAME = LoadProcConfig;
				STRIP_STYLE = all;
			};
			name = Release;
		};
		FA9B0F811C3D277D008E47E4 /* Debug */ = {
			isa = XCBuildConfiguration;
			buildSettings = {
				ARCHS = "$(ARCHS_STANDARD_32_BIT)";
				EXECUTABLE_EXTENSION = pmc64;
				EXECUTABLE_PREFIX = "";
				GCC_PREPROCESSOR_DEFINITIONS = (
					"$(inherited)",
					__MAC__,
					__IDP__,
					__PLUGIN__,
					__X64__,
				);
				GCC_VERSION = com.apple.compilers.llvm.clang.1_0;
				HEADER_SEARCH_PATHS = (
					"\"$(SRCROOT)/../idasdk/module\"",
					"\"$(SRCROOT)/../idasdk/include\"",
				);
				LIBRARY_SEARCH_PATHS = "\"$(SRCROOT)/../idasdk/lib/x64_mac_gcc_64\"";
				OTHER_LDFLAGS = "-lida64";
				PRODUCT_NAME = LoadProcConfig;
				STRIP_STYLE = debugging;
			};
			name = Debug;
		};
		FA9B0F821C3D277D008E47E4 /* Release */ = {
			isa = XCBuildConfiguration;
			buildSettings = {
				ARCHS = "$(ARCHS_STANDARD_32_BIT)";
				DEAD_CODE_STRIPPING = YES;
				EXECUTABLE_EXTENSION = pmc64;
				EXECUTABLE_PREFIX = "";
				GCC_GENERATE_DEBUGGING_SYMBOLS = NO;
				GCC_PREPROCESSOR_DEFINITIONS = (
					__MAC__,
					__IDP__,
					__PLUGIN__,
					__X64__,
				);
				GCC_VERSION = com.apple.compilers.llvm.clang.1_0;
				HEADER_SEARCH_PATHS = (
					"\"$(SRCROOT)/../idasdk/module\"",
					"\"$(SRCROOT)/../idasdk/include\"",
				);
				LIBRARY_SEARCH_PATHS = "\"$(SRCROOT)/../idasdk/lib/x64_mac_gcc_64\"";
				OTHER_LDFLAGS = "-lida64";
				PRODUCT_NAME = LoadProcConfig;
				STRIP_STYLE = all;
			};
			name = Release;
		};
/* End XCBuildConfiguration section */

/* Begin XCConfigurationList section */
		FA0D7AFB16F6F49300EF3B9D /* Build configuration list for PBXProject "LoadProcConfig" */ = {
			isa = XCConfigurationList;
			buildConfigurations = (
				FA0D7B0216F6F49300EF3B9D /* Debug */,
				FA0D7B0316F6F49300EF3B9D /* Release */,
			);
			defaultConfigurationIsVisible = 0;
			defaultConfigurationName = Release;
		};
		FA0D7B0416F6F49300EF3B9D /* Build configuration list for PBXNativeTarget "LoadProcConfig_32" */ = {
			isa = XCConfigurationList;
			buildConfigurations = (
				FA0D7B0516F6F49300EF3B9D /* Debug */,
				FA0D7B0616F6F49300EF3B9D /* Release */,
			);
			defaultConfigurationIsVisible = 0;
			defaultConfigurationName = Release;
		};
		FA9B0F801C3D277D008E47E4 /* Build configuration list for PBXNativeTarget "LoadProcConfig_64" */ = {
			isa = XCConfigurationList;
			buildConfigurations = (
				FA9B0F811C3D277D008E47E4 /* Debug */,
				FA9B0F821C3D277D008E47E4 /* Release */,
			);
			defaultConfigurationIsVisible = 0;
			defaultConfigurationName = Release;
		};
/* End XCConfigurationList section */
	};
	rootObject = FA0D7AF816F6F49300EF3B9D /* Project object */;
}
